
Microsoft Visual Studio Solution File, Format Version 12.00
# Visual Studio Version 17
VisualStudioVersion = 17.4.33122.133
MinimumVisualStudioVersion = 10.0.40219.1
Project("{00D1A9C2-B5F0-4AF3-8072-F6C62B433612}") = "SqlUtils", "SqlUtils.sqlproj", "{B4F9B738-CA60-4960-AEB9-446080671905}"
EndProject
Global
	GlobalSection(SolutionConfigurationPlatforms) = preSolution
		Debug|Any CPU = Debug|Any CPU
		Release|Any CPU = Release|Any CPU
	EndGlobalSection
	GlobalSection(ProjectConfigurationPlatforms) = postSolution
		{B4F9B738-CA60-4960-AEB9-446080671905}.Debug|Any CPU.ActiveCfg = Debug|Any CPU
		{B4F9B738-CA60-4960-AEB9-446080671905}.Debug|Any CPU.Build.0 = Debug|Any CPU
		{B4F9B738-CA60-4960-AEB9-446080671905}.Debug|Any CPU.Deploy.0 = Debug|Any CPU
		{B4F9B738-CA60-4960-AEB9-446080671905}.Release|Any CPU.ActiveCfg = Release|Any CPU
		{B4F9B738-CA60-4960-AEB9-446080671905}.Release|Any CPU.Build.0 = Release|Any CPU
		{B4F9B738-CA60-4960-AEB9-446080671905}.Release|Any CPU.Deploy.0 = Release|Any CPU
	EndGlobalSection
	GlobalSection(SolutionProperties) = preSolution
		HideSolutionNode = FALSE
	EndGlobalSection
	GlobalSection(ExtensibilityGlobals) = postSolution
		SolutionGuid = {6216395E-DA3F-4838-9D31-6F206CF1BBDD}
	EndGlobalSection
EndGlobal
